// !$*UTF8*$!
{
	archiveVersion = 1;
	classes = {
	};
	objectVersion = 50;
	objects = {

/* Begin PBXBuildFile section */
		C606E6712243EA68000E9FF3 /* GameViewControllerModel.swift in Sources */ = {isa = PBXBuildFile; fileRef = C606E6702243EA68000E9FF3 /* GameViewControllerModel.swift */; };
		C606E67D2243F5E1000E9FF3 /* TypeOfPlayerViewControllerModel.swift in Sources */ = {isa = PBXBuildFile; fileRef = C606E67C2243F5E1000E9FF3 /* TypeOfPlayerViewControllerModel.swift */; };
		C606E67F224400BD000E9FF3 /* PlayerVsPlayerViewController.swift in Sources */ = {isa = PBXBuildFile; fileRef = C606E67E224400BD000E9FF3 /* PlayerVsPlayerViewController.swift */; };
		C60CF48D223B95400022371A /* AppDelegate.swift in Sources */ = {isa = PBXBuildFile; fileRef = C60CF48C223B95400022371A /* AppDelegate.swift */; };
		C60CF48F223B95400022371A /* CreateNewGameViewController.swift in Sources */ = {isa = PBXBuildFile; fileRef = C60CF48E223B95400022371A /* CreateNewGameViewController.swift */; };
		C60CF492223B95400022371A /* Main.storyboard in Resources */ = {isa = PBXBuildFile; fileRef = C60CF490223B95400022371A /* Main.storyboard */; };
		C60CF494223B95410022371A /* Assets.xcassets in Resources */ = {isa = PBXBuildFile; fileRef = C60CF493223B95410022371A /* Assets.xcassets */; };
		C60CF497223B95410022371A /* LaunchScreen.storyboard in Resources */ = {isa = PBXBuildFile; fileRef = C60CF495223B95410022371A /* LaunchScreen.storyboard */; };
		C6416C62223C682800B7EF3D /* HowDoYouPlayViewController.swift in Sources */ = {isa = PBXBuildFile; fileRef = C6416C61223C682800B7EF3D /* HowDoYouPlayViewController.swift */; };
		C6416C66223C696A00B7EF3D /* GameWithPlayerViewController.swift in Sources */ = {isa = PBXBuildFile; fileRef = C6416C65223C696A00B7EF3D /* GameWithPlayerViewController.swift */; };
		C6416C68223C6A2A00B7EF3D /* PlayerVsDeviceViewController.swift in Sources */ = {isa = PBXBuildFile; fileRef = C6416C67223C6A2A00B7EF3D /* PlayerVsDeviceViewController.swift */; };
		C6416C6A223C6A8400B7EF3D /* GameWithDeviceViewController.swift in Sources */ = {isa = PBXBuildFile; fileRef = C6416C69223C6A8400B7EF3D /* GameWithDeviceViewController.swift */; };
/* End PBXBuildFile section */

/* Begin PBXFileReference section */
		C606E6702243EA68000E9FF3 /* GameViewControllerModel.swift */ = {isa = PBXFileReference; lastKnownFileType = sourcecode.swift; path = GameViewControllerModel.swift; sourceTree = "<group>"; };
		C606E67C2243F5E1000E9FF3 /* TypeOfPlayerViewControllerModel.swift */ = {isa = PBXFileReference; lastKnownFileType = sourcecode.swift; path = TypeOfPlayerViewControllerModel.swift; sourceTree = "<group>"; };
		C606E67E224400BD000E9FF3 /* PlayerVsPlayerViewController.swift */ = {isa = PBXFileReference; lastKnownFileType = sourcecode.swift; path = PlayerVsPlayerViewController.swift; sourceTree = "<group>"; };
		C60CF489223B95400022371A /* X&0.app */ = {isa = PBXFileReference; explicitFileType = wrapper.application; includeInIndex = 0; path = "X&0.app"; sourceTree = BUILT_PRODUCTS_DIR; };
		C60CF48C223B95400022371A /* AppDelegate.swift */ = {isa = PBXFileReference; lastKnownFileType = sourcecode.swift; path = AppDelegate.swift; sourceTree = "<group>"; };
		C60CF48E223B95400022371A /* CreateNewGameViewController.swift */ = {isa = PBXFileReference; lastKnownFileType = sourcecode.swift; path = CreateNewGameViewController.swift; sourceTree = "<group>"; };
		C60CF491223B95400022371A /* Base */ = {isa = PBXFileReference; lastKnownFileType = file.storyboard; name = Base; path = Base.lproj/Main.storyboard; sourceTree = "<group>"; };
		C60CF493223B95410022371A /* Assets.xcassets */ = {isa = PBXFileReference; lastKnownFileType = folder.assetcatalog; path = Assets.xcassets; sourceTree = "<group>"; };
		C60CF496223B95410022371A /* Base */ = {isa = PBXFileReference; lastKnownFileType = file.storyboard; name = Base; path = Base.lproj/LaunchScreen.storyboard; sourceTree = "<group>"; };
		C60CF498223B95410022371A /* Info.plist */ = {isa = PBXFileReference; lastKnownFileType = text.plist.xml; path = Info.plist; sourceTree = "<group>"; };
		C6416C61223C682800B7EF3D /* HowDoYouPlayViewController.swift */ = {isa = PBXFileReference; lastKnownFileType = sourcecode.swift; path = HowDoYouPlayViewController.swift; sourceTree = "<group>"; };
		C6416C65223C696A00B7EF3D /* GameWithPlayerViewController.swift */ = {isa = PBXFileReference; lastKnownFileType = sourcecode.swift; path = GameWithPlayerViewController.swift; sourceTree = "<group>"; };
		C6416C67223C6A2A00B7EF3D /* PlayerVsDeviceViewController.swift */ = {isa = PBXFileReference; lastKnownFileType = sourcecode.swift; path = PlayerVsDeviceViewController.swift; sourceTree = "<group>"; };
		C6416C69223C6A8400B7EF3D /* GameWithDeviceViewController.swift */ = {isa = PBXFileReference; lastKnownFileType = sourcecode.swift; path = GameWithDeviceViewController.swift; sourceTree = "<group>"; };
/* End PBXFileReference section */

/* Begin PBXFrameworksBuildPhase section */
		C60CF486223B95400022371A /* Frameworks */ = {
			isa = PBXFrameworksBuildPhase;
			buildActionMask = 2147483647;
			files = (
			);
			runOnlyForDeploymentPostprocessing = 0;
		};
/* End PBXFrameworksBuildPhase section */

/* Begin PBXGroup section */
		C606E6722243EE30000E9FF3 /* Model */ = {
			isa = PBXGroup;
			children = (
			);
			path = Model;
			sourceTree = "<group>";
		};
		C606E6742243EE40000E9FF3 /* View */ = {
			isa = PBXGroup;
			children = (
				C60CF490223B95400022371A /* Main.storyboard */,
			);
			path = View;
			sourceTree = "<group>";
		};
		C606E6752243EE46000E9FF3 /* Controller */ = {
			isa = PBXGroup;
			children = (
				C60CF48C223B95400022371A /* AppDelegate.swift */,
				C606E6702243EA68000E9FF3 /* GameViewControllerModel.swift */,
				C606E67C2243F5E1000E9FF3 /* TypeOfPlayerViewControllerModel.swift */,
				C60CF48E223B95400022371A /* CreateNewGameViewController.swift */,
				C6416C61223C682800B7EF3D /* HowDoYouPlayViewController.swift */,
				C606E67E224400BD000E9FF3 /* PlayerVsPlayerViewController.swift */,
				C6416C65223C696A00B7EF3D /* GameWithPlayerViewController.swift */,
				C6416C67223C6A2A00B7EF3D /* PlayerVsDeviceViewController.swift */,
				C6416C69223C6A8400B7EF3D /* GameWithDeviceViewController.swift */,
			);
			path = Controller;
			sourceTree = "<group>";
		};
		C60CF480223B95400022371A = {
			isa = PBXGroup;
			children = (
				C60CF48B223B95400022371A /* X&0 */,
				C60CF48A223B95400022371A /* Products */,
			);
			sourceTree = "<group>";
		};
		C60CF48A223B95400022371A /* Products */ = {
			isa = PBXGroup;
			children = (
				C60CF489223B95400022371A /* X&0.app */,
			);
			name = Products;
			sourceTree = "<group>";
		};
		C60CF48B223B95400022371A /* X&0 */ = {
			isa = PBXGroup;
			children = (
				C606E6742243EE40000E9FF3 /* View */,
				C606E6722243EE30000E9FF3 /* Model */,
				C606E6752243EE46000E9FF3 /* Controller */,
				C60CF493223B95410022371A /* Assets.xcassets */,
				C60CF495223B95410022371A /* LaunchScreen.storyboard */,
				C60CF498223B95410022371A /* Info.plist */,
			);
			path = "X&0";
			sourceTree = "<group>";
		};
/* End PBXGroup section */

/* Begin PBXNativeTarget section */
		C60CF488223B95400022371A /* X&0 */ = {
			isa = PBXNativeTarget;
			buildConfigurationList = C60CF49B223B95410022371A /* Build configuration list for PBXNativeTarget "X&0" */;
			buildPhases = (
				C60CF485223B95400022371A /* Sources */,
				C60CF486223B95400022371A /* Frameworks */,
				C60CF487223B95400022371A /* Resources */,
			);
			buildRules = (
			);
			dependencies = (
			);
			name = "X&0";
			productName = "X&0";
			productReference = C60CF489223B95400022371A /* X&0.app */;
			productType = "com.apple.product-type.application";
		};
/* End PBXNativeTarget section */

/* Begin PBXProject section */
		C60CF481223B95400022371A /* Project object */ = {
			isa = PBXProject;
			attributes = {
				LastSwiftUpdateCheck = 1010;
				LastUpgradeCheck = 1010;
				ORGANIZATIONNAME = "Ionut Marinica";
				TargetAttributes = {
					C60CF488223B95400022371A = {
						CreatedOnToolsVersion = 10.1;
					};
				};
			};
			buildConfigurationList = C60CF484223B95400022371A /* Build configuration list for PBXProject "X&0" */;
			compatibilityVersion = "Xcode 9.3";
			developmentRegion = en;
			hasScannedForEncodings = 0;
			knownRegions = (
				en,
				Base,
			);
			mainGroup = C60CF480223B95400022371A;
			productRefGroup = C60CF48A223B95400022371A /* Products */;
			projectDirPath = "";
			projectRoot = "";
			targets = (
				C60CF488223B95400022371A /* X&0 */,
			);
		};
/* End PBXProject section */

/* Begin PBXResourcesBuildPhase section */
		C60CF487223B95400022371A /* Resources */ = {
			isa = PBXResourcesBuildPhase;
			buildActionMask = 2147483647;
			files = (
				C60CF497223B95410022371A /* LaunchScreen.storyboard in Resources */,
				C60CF494223B95410022371A /* Assets.xcassets in Resources */,
				C60CF492223B95400022371A /* Main.storyboard in Resources */,
			);
			runOnlyForDeploymentPostprocessing = 0;
		};
/* End PBXResourcesBuildPhase section */

/* Begin PBXSourcesBuildPhase section */
		C60CF485223B95400022371A /* Sources */ = {
			isa = PBXSourcesBuildPhase;
			buildActionMask = 2147483647;
			files = (
				C606E6712243EA68000E9FF3 /* GameViewControllerModel.swift in Sources */,
				C6416C68223C6A2A00B7EF3D /* PlayerVsDeviceViewController.swift in Sources */,
				C6416C66223C696A00B7EF3D /* GameWithPlayerViewController.swift in Sources */,
				C60CF48F223B95400022371A /* CreateNewGameViewController.swift in Sources */,
				C6416C62223C682800B7EF3D /* HowDoYouPlayViewController.swift in Sources */,
				C606E67F224400BD000E9FF3 /* PlayerVsPlayerViewController.swift in Sources */,
				C60CF48D223B95400022371A /* AppDelegate.swift in Sources */,
				C6416C6A223C6A8400B7EF3D /* GameWithDeviceViewController.swift in Sources */,
				C606E67D2243F5E1000E9FF3 /* TypeOfPlayerViewControllerModel.swift in Sources */,
			);
			runOnlyForDeploymentPostprocessing = 0;
		};
/* End PBXSourcesBuildPhase section */

/* Begin PBXVariantGroup section */
		C60CF490223B95400022371A /* Main.storyboard */ = {
			isa = PBXVariantGroup;
			children = (
				C60CF491223B95400022371A /* Base */,
			);
			name = Main.storyboard;
			sourceTree = "<group>";
		};
		C60CF495223B95410022371A /* LaunchScreen.storyboard */ = {
			isa = PBXVariantGroup;
			children = (
				C60CF496223B95410022371A /* Base */,
			);
			name = LaunchScreen.storyboard;
			sourceTree = "<group>";
		};
/* End PBXVariantGroup section */

/* Begin XCBuildConfiguration section */
		C60CF499223B95410022371A /* Debug */ = {
			isa = XCBuildConfiguration;
			buildSettings = {
				ALWAYS_SEARCH_USER_PATHS = NO;
				CLANG_ANALYZER_NONNULL = YES;
				CLANG_ANALYZER_NUMBER_OBJECT_CONVERSION = YES_AGGRESSIVE;
				CLANG_CXX_LANGUAGE_STANDARD = "gnu++14";
				CLANG_CXX_LIBRARY = "libc++";
				CLANG_ENABLE_MODULES = YES;
				CLANG_ENABLE_OBJC_ARC = YES;
				CLANG_ENABLE_OBJC_WEAK = YES;
				CLANG_WARN_BLOCK_CAPTURE_AUTORELEASING = YES;
				CLANG_WARN_BOOL_CONVERSION = YES;
				CLANG_WARN_COMMA = YES;
				CLANG_WARN_CONSTANT_CONVERSION = YES;
				CLANG_WARN_DEPRECATED_OBJC_IMPLEMENTATIONS = YES;
				CLANG_WARN_DIRECT_OBJC_ISA_USAGE = YES_ERROR;
				CLANG_WARN_DOCUMENTATION_COMMENTS = YES;
				CLANG_WARN_EMPTY_BODY = YES;
				CLANG_WARN_ENUM_CONVERSION = YES;
				CLANG_WARN_INFINITE_RECURSION = YES;
				CLANG_WARN_INT_CONVERSION = YES;
				CLANG_WARN_NON_LITERAL_NULL_CONVERSION = YES;
				CLANG_WARN_OBJC_IMPLICIT_RETAIN_SELF = YES;
				CLANG_WARN_OBJC_LITERAL_CONVERSION = YES;
				CLANG_WARN_OBJC_ROOT_CLASS = YES_ERROR;
				CLANG_WARN_RANGE_LOOP_ANALYSIS = YES;
				CLANG_WARN_STRICT_PROTOTYPES = YES;
				CLANG_WARN_SUSPICIOUS_MOVE = YES;
				CLANG_WARN_UNGUARDED_AVAILABILITY = YES_AGGRESSIVE;
				CLANG_WARN_UNREACHABLE_CODE = YES;
				CLANG_WARN__DUPLICATE_METHOD_MATCH = YES;
				CODE_SIGN_IDENTITY = "iPhone Developer";
				COPY_PHASE_STRIP = NO;
				DEBUG_INFORMATION_FORMAT = dwarf;
				ENABLE_STRICT_OBJC_MSGSEND = YES;
				ENABLE_TESTABILITY = YES;
				GCC_C_LANGUAGE_STANDARD = gnu11;
				GCC_DYNAMIC_NO_PIC = NO;
				GCC_NO_COMMON_BLOCKS = YES;
				GCC_OPTIMIZATION_LEVEL = 0;
				GCC_PREPROCESSOR_DEFINITIONS = (
					"DEBUG=1",
					"$(inherited)",
				);
				GCC_WARN_64_TO_32_BIT_CONVERSION = YES;
				GCC_WARN_ABOUT_RETURN_TYPE = YES_ERROR;
				GCC_WARN_UNDECLARED_SELECTOR = YES;
				GCC_WARN_UNINITIALIZED_AUTOS = YES_AGGRESSIVE;
				GCC_WARN_UNUSED_FUNCTION = YES;
				GCC_WARN_UNUSED_VARIABLE = YES;
				IPHONEOS_DEPLOYMENT_TARGET = 12.1;
				MTL_ENABLE_DEBUG_INFO = INCLUDE_SOURCE;
				MTL_FAST_MATH = YES;
				ONLY_ACTIVE_ARCH = YES;
				SDKROOT = iphoneos;
				SWIFT_ACTIVE_COMPILATION_CONDITIONS = DEBUG;
				SWIFT_OPTIMIZATION_LEVEL = "-Onone";
			};
			name = Debug;
		};
		C60CF49A223B95410022371A /* Release */ = {
			isa = XCBuildConfiguration;
			buildSettings = {
				ALWAYS_SEARCH_USER_PATHS = NO;
				CLANG_ANALYZER_NONNULL = YES;
				CLANG_ANALYZER_NUMBER_OBJECT_CONVERSION = YES_AGGRESSIVE;
				CLANG_CXX_LANGUAGE_STANDARD = "gnu++14";
				CLANG_CXX_LIBRARY = "libc++";
				CLANG_ENABLE_MODULES = YES;
				CLANG_ENABLE_OBJC_ARC = YES;
				CLANG_ENABLE_OBJC_WEAK = YES;
				CLANG_WARN_BLOCK_CAPTURE_AUTORELEASING = YES;
				CLANG_WARN_BOOL_CONVERSION = YES;
				CLANG_WARN_COMMA = YES;
				CLANG_WARN_CONSTANT_CONVERSION = YES;
				CLANG_WARN_DEPRECATED_OBJC_IMPLEMENTATIONS = YES;
				CLANG_WARN_DIRECT_OBJC_ISA_USAGE = YES_ERROR;
				CLANG_WARN_DOCUMENTATION_COMMENTS = YES;
				CLANG_WARN_EMPTY_BODY = YES;
				CLANG_WARN_ENUM_CONVERSION = YES;
				CLANG_WARN_INFINITE_RECURSION = YES;
				CLANG_WARN_INT_CONVERSION = YES;
				CLANG_WARN_NON_LITERAL_NULL_CONVERSION = YES;
				CLANG_WARN_OBJC_IMPLICIT_RETAIN_SELF = YES;
				CLANG_WARN_OBJC_LITERAL_CONVERSION = YES;
				CLANG_WARN_OBJC_ROOT_CLASS = YES_ERROR;
				CLANG_WARN_RANGE_LOOP_ANALYSIS = YES;
				CLANG_WARN_STRICT_PROTOTYPES = YES;
				CLANG_WARN_SUSPICIOUS_MOVE = YES;
				CLANG_WARN_UNGUARDED_AVAILABILITY = YES_AGGRESSIVE;
				CLANG_WARN_UNREACHABLE_CODE = YES;
				CLANG_WARN__DUPLICATE_METHOD_MATCH = YES;
				CODE_SIGN_IDENTITY = "iPhone Developer";
				COPY_PHASE_STRIP = NO;
				DEBUG_INFORMATION_FORMAT = "dwarf-with-dsym";
				ENABLE_NS_ASSERTIONS = NO;
				ENABLE_STRICT_OBJC_MSGSEND = YES;
				GCC_C_LANGUAGE_STANDARD = gnu11;
				GCC_NO_COMMON_BLOCKS = YES;
				GCC_WARN_64_TO_32_BIT_CONVERSION = YES;
				GCC_WARN_ABOUT_RETURN_TYPE = YES_ERROR;
				GCC_WARN_UNDECLARED_SELECTOR = YES;
				GCC_WARN_UNINITIALIZED_AUTOS = YES_AGGRESSIVE;
				GCC_WARN_UNUSED_FUNCTION = YES;
				GCC_WARN_UNUSED_VARIABLE = YES;
				IPHONEOS_DEPLOYMENT_TARGET = 12.1;
				MTL_ENABLE_DEBUG_INFO = NO;
				MTL_FAST_MATH = YES;
				SDKROOT = iphoneos;
				SWIFT_COMPILATION_MODE = wholemodule;
				SWIFT_OPTIMIZATION_LEVEL = "-O";
				VALIDATE_PRODUCT = YES;
			};
			name = Release;
		};
		C60CF49C223B95410022371A /* Debug */ = {
			isa = XCBuildConfiguration;
			buildSettings = {
				ASSETCATALOG_COMPILER_APPICON_NAME = AppIcon;
				CODE_SIGN_STYLE = Automatic;
				DEVELOPMENT_TEAM = 9HYVFLX388;
				INFOPLIST_FILE = "X&0/Info.plist";
				LD_RUNPATH_SEARCH_PATHS = (
					"$(inherited)",
					"@executable_path/Frameworks",
				);
				PRODUCT_BUNDLE_IDENTIFIER = "com.marinicaionut.X-0";
				PRODUCT_NAME = "$(TARGET_NAME)";
				SWIFT_VERSION = 4.2;
				TARGETED_DEVICE_FAMILY = 1;
			};
			name = Debug;
		};
		C60CF49D223B95410022371A /* Release */ = {
			isa = XCBuildConfiguration;
			buildSettings = {
				ASSETCATALOG_COMPILER_APPICON_NAME = AppIcon;
				CODE_SIGN_STYLE = Automatic;
				DEVELOPMENT_TEAM = 9HYVFLX388;
				INFOPLIST_FILE = "X&0/Info.plist";
				LD_RUNPATH_SEARCH_PATHS = (
					"$(inherited)",
					"@executable_path/Frameworks",
				);
				PRODUCT_BUNDLE_IDENTIFIER = "com.marinicaionut.X-0";
				PRODUCT_NAME = "$(TARGET_NAME)";
				SWIFT_VERSION = 4.2;
				TARGETED_DEVICE_FAMILY = 1;
			};
			name = Release;
		};
/* End XCBuildConfiguration section */

/* Begin XCConfigurationList section */
		C60CF484223B95400022371A /* Build configuration list for PBXProject "X&0" */ = {
			isa = XCConfigurationList;
			buildConfigurations = (
				C60CF499223B95410022371A /* Debug */,
				C60CF49A223B95410022371A /* Release */,
			);
			defaultConfigurationIsVisible = 0;
			defaultConfigurationName = Release;
		};
		C60CF49B223B95410022371A /* Build configuration list for PBXNativeTarget "X&0" */ = {
			isa = XCConfigurationList;
			buildConfigurations = (
				C60CF49C223B95410022371A /* Debug */,
				C60CF49D223B95410022371A /* Release */,
			);
			defaultConfigurationIsVisible = 0;
			defaultConfigurationName = Release;
		};
/* End XCConfigurationList section */
	};
	rootObject = C60CF481223B95400022371A /* Project object */;
}
